
Microsoft Visual Studio Solution File, Format Version 12.00
# Visual Studio 15
VisualStudioVersion = 15.0.27004.2008
MinimumVisualStudioVersion = 10.0.40219.1
Project("{9A19103F-16F7-4668-BE54-9A1E7A4F7556}") = "MetaWeather.API", "MetaWeather.API\MetaWeather.API.csproj", "{A00FEC18-8FEE-4092-84A5-B7332E6D22F6}"
EndProject
Project("{9A19103F-16F7-4668-BE54-9A1E7A4F7556}") = "MetaWeather.Orchestration", "MetaWeather.Orchetration\MetaWeather.Orchestration.csproj", "{EAE69E96-B65D-411B-8BF2-E32AEFB5344C}"
EndProject
Project("{9A19103F-16F7-4668-BE54-9A1E7A4F7556}") = "MetaWeather.Entity", "MetaWeather.Entity\MetaWeather.Entity.csproj", "{6DC153E2-2A62-46A8-94BA-92BDE8486E06}"
EndProject
Project("{9A19103F-16F7-4668-BE54-9A1E7A4F7556}") = "MetaWeather.Common", "MetaWeather.Common\MetaWeather.Common.csproj", "{9FBDF745-6514-460A-8D11-3A90FEC5C84C}"
EndProject
Project("{FAE04EC0-301F-11D3-BF4B-00C04F79EFBC}") = "MetaWeather.OrchestrationTest", "MetaWeather.OrchestrationTest\MetaWeather.OrchestrationTest.csproj", "{15CA155A-2C09-4762-80D2-9A6910F984AB}"
EndProject
Global
	GlobalSection(SolutionConfigurationPlatforms) = preSolution
		Debug|Any CPU = Debug|Any CPU
		Release|Any CPU = Release|Any CPU
	EndGlobalSection
	GlobalSection(ProjectConfigurationPlatforms) = postSolution
		{A00FEC18-8FEE-4092-84A5-B7332E6D22F6}.Debug|Any CPU.ActiveCfg = Debug|Any CPU
		{A00FEC18-8FEE-4092-84A5-B7332E6D22F6}.Debug|Any CPU.Build.0 = Debug|Any CPU
		{A00FEC18-8FEE-4092-84A5-B7332E6D22F6}.Release|Any CPU.ActiveCfg = Release|Any CPU
		{A00FEC18-8FEE-4092-84A5-B7332E6D22F6}.Release|Any CPU.Build.0 = Release|Any CPU
		{EAE69E96-B65D-411B-8BF2-E32AEFB5344C}.Debug|Any CPU.ActiveCfg = Debug|Any CPU
		{EAE69E96-B65D-411B-8BF2-E32AEFB5344C}.Debug|Any CPU.Build.0 = Debug|Any CPU
		{EAE69E96-B65D-411B-8BF2-E32AEFB5344C}.Release|Any CPU.ActiveCfg = Release|Any CPU
		{EAE69E96-B65D-411B-8BF2-E32AEFB5344C}.Release|Any CPU.Build.0 = Release|Any CPU
		{6DC153E2-2A62-46A8-94BA-92BDE8486E06}.Debug|Any CPU.ActiveCfg = Debug|Any CPU
		{6DC153E2-2A62-46A8-94BA-92BDE8486E06}.Debug|Any CPU.Build.0 = Debug|Any CPU
		{6DC153E2-2A62-46A8-94BA-92BDE8486E06}.Release|Any CPU.ActiveCfg = Release|Any CPU
		{6DC153E2-2A62-46A8-94BA-92BDE8486E06}.Release|Any CPU.Build.0 = Release|Any CPU
		{9FBDF745-6514-460A-8D11-3A90FEC5C84C}.Debug|Any CPU.ActiveCfg = Debug|Any CPU
		{9FBDF745-6514-460A-8D11-3A90FEC5C84C}.Debug|Any CPU.Build.0 = Debug|Any CPU
		{9FBDF745-6514-460A-8D11-3A90FEC5C84C}.Release|Any CPU.ActiveCfg = Release|Any CPU
		{9FBDF745-6514-460A-8D11-3A90FEC5C84C}.Release|Any CPU.Build.0 = Release|Any CPU
		{15CA155A-2C09-4762-80D2-9A6910F984AB}.Debug|Any CPU.ActiveCfg = Debug|Any CPU
		{15CA155A-2C09-4762-80D2-9A6910F984AB}.Debug|Any CPU.Build.0 = Debug|Any CPU
		{15CA155A-2C09-4762-80D2-9A6910F984AB}.Release|Any CPU.ActiveCfg = Release|Any CPU
		{15CA155A-2C09-4762-80D2-9A6910F984AB}.Release|Any CPU.Build.0 = Release|Any CPU
	EndGlobalSection
	GlobalSection(SolutionProperties) = preSolution
		HideSolutionNode = FALSE
	EndGlobalSection
	GlobalSection(ExtensibilityGlobals) = postSolution
		SolutionGuid = {E80564F4-3C01-43A5-A449-53FB2CD4502D}
	EndGlobalSection
EndGlobal
